
Microsoft Visual Studio Solution File, Format Version 12.00
# Visual Studio 15
VisualStudioVersion = 15.0.26430.6
MinimumVisualStudioVersion = 10.0.40219.1
Project("{8BC9CEB8-8B4A-11D0-8D11-00A0C91BC942}") = "D3D11Wrapper", "D3D11Wrapper\D3D11Wrapper.vcxproj", "{062E9188-D9CF-4B3E-8FB1-93EA4E4921BB}"
EndProject
Project("{8BC9CEB8-8B4A-11D0-8D11-00A0C91BC942}") = "DXGIWrapper", "DXGIWrapper\DXGIWrapper.vcxproj", "{67FF9B38-606E-4551-93CB-3F318F48A7F4}"
EndProject
Global
	GlobalSection(SolutionConfigurationPlatforms) = preSolution
		Debug|x64 = Debug|x64
		Debug|x86 = Debug|x86
		Release|x64 = Release|x64
		Release|x86 = Release|x86
	EndGlobalSection
	GlobalSection(ProjectConfigurationPlatforms) = postSolution
		{062E9188-D9CF-4B3E-8FB1-93EA4E4921BB}.Debug|x64.ActiveCfg = Debug|x64
		{062E9188-D9CF-4B3E-8FB1-93EA4E4921BB}.Debug|x64.Build.0 = Debug|x64
		{062E9188-D9CF-4B3E-8FB1-93EA4E4921BB}.Debug|x86.ActiveCfg = Debug|Win32
		{062E9188-D9CF-4B3E-8FB1-93EA4E4921BB}.Debug|x86.Build.0 = Debug|Win32
		{062E9188-D9CF-4B3E-8FB1-93EA4E4921BB}.Release|x64.ActiveCfg = Release|x64
		{062E9188-D9CF-4B3E-8FB1-93EA4E4921BB}.Release|x64.Build.0 = Release|x64
		{062E9188-D9CF-4B3E-8FB1-93EA4E4921BB}.Release|x86.ActiveCfg = Release|Win32
		{062E9188-D9CF-4B3E-8FB1-93EA4E4921BB}.Release|x86.Build.0 = Release|Win32
		{67FF9B38-606E-4551-93CB-3F318F48A7F4}.Debug|x64.ActiveCfg = Debug|x64
		{67FF9B38-606E-4551-93CB-3F318F48A7F4}.Debug|x64.Build.0 = Debug|x64
		{67FF9B38-606E-4551-93CB-3F318F48A7F4}.Debug|x86.ActiveCfg = Debug|Win32
		{67FF9B38-606E-4551-93CB-3F318F48A7F4}.Debug|x86.Build.0 = Debug|Win32
		{67FF9B38-606E-4551-93CB-3F318F48A7F4}.Release|x64.ActiveCfg = Release|x64
		{67FF9B38-606E-4551-93CB-3F318F48A7F4}.Release|x64.Build.0 = Release|x64
		{67FF9B38-606E-4551-93CB-3F318F48A7F4}.Release|x86.ActiveCfg = Release|Win32
		{67FF9B38-606E-4551-93CB-3F318F48A7F4}.Release|x86.Build.0 = Release|Win32
	EndGlobalSection
	GlobalSection(SolutionProperties) = preSolution
		HideSolutionNode = FALSE
	EndGlobalSection
EndGlobal
