
Microsoft Visual Studio Solution File, Format Version 12.00
# Visual Studio Version 16
VisualStudioVersion = 16.0.29926.136
MinimumVisualStudioVersion = 10.0.40219.1
Project("{8BC9CEB8-8B4A-11D0-8D11-00A0C91BC942}") = "D3D11Wrapper", "D3D11Wrapper\D3D11Wrapper.vcxproj", "{062E9188-D9CF-4B3E-8FB1-93EA4E4921BB}"
EndProject
Project("{8BC9CEB8-8B4A-11D0-8D11-00A0C91BC942}") = "DXGIWrapper", "DXGIWrapper\DXGIWrapper.vcxproj", "{67FF9B38-606E-4551-93CB-3F318F48A7F4}"
EndProject
Project("{8BC9CEB8-8B4A-11D0-8D11-00A0C91BC942}") = "D3D9Wrapper", "D3D9Wrapper\D3D9Wrapper.vcxproj", "{20B1E2D8-CA90-40B1-82AD-56C9C3CC6749}"
EndProject
Global
	GlobalSection(SolutionConfigurationPlatforms) = preSolution
		Debug|x64 = Debug|x64
		Debug|x86 = Debug|x86
		DebugNoStack|x64 = DebugNoStack|x64
		DebugNoStack|x86 = DebugNoStack|x86
		DLL-Import Debug|x64 = DLL-Import Debug|x64
		DLL-Import Debug|x86 = DLL-Import Debug|x86
		DLL-Import Release|x64 = DLL-Import Release|x64
		DLL-Import Release|x86 = DLL-Import Release|x86
		Release|x64 = Release|x64
		Release|x86 = Release|x86
	EndGlobalSection
	GlobalSection(ProjectConfigurationPlatforms) = postSolution
		{062E9188-D9CF-4B3E-8FB1-93EA4E4921BB}.Debug|x64.ActiveCfg = Debug|x64
		{062E9188-D9CF-4B3E-8FB1-93EA4E4921BB}.Debug|x64.Build.0 = Debug|x64
		{062E9188-D9CF-4B3E-8FB1-93EA4E4921BB}.Debug|x86.ActiveCfg = Debug|Win32
		{062E9188-D9CF-4B3E-8FB1-93EA4E4921BB}.Debug|x86.Build.0 = Debug|Win32
		{062E9188-D9CF-4B3E-8FB1-93EA4E4921BB}.DebugNoStack|x64.ActiveCfg = DebugNoStack|x64
		{062E9188-D9CF-4B3E-8FB1-93EA4E4921BB}.DebugNoStack|x64.Build.0 = DebugNoStack|x64
		{062E9188-D9CF-4B3E-8FB1-93EA4E4921BB}.DebugNoStack|x86.ActiveCfg = DebugNoStack|Win32
		{062E9188-D9CF-4B3E-8FB1-93EA4E4921BB}.DebugNoStack|x86.Build.0 = DebugNoStack|Win32
		{062E9188-D9CF-4B3E-8FB1-93EA4E4921BB}.DLL-Import Debug|x64.ActiveCfg = Debug|x64
		{062E9188-D9CF-4B3E-8FB1-93EA4E4921BB}.DLL-Import Debug|x64.Build.0 = Debug|x64
		{062E9188-D9CF-4B3E-8FB1-93EA4E4921BB}.DLL-Import Debug|x86.ActiveCfg = Debug|Win32
		{062E9188-D9CF-4B3E-8FB1-93EA4E4921BB}.DLL-Import Debug|x86.Build.0 = Debug|Win32
		{062E9188-D9CF-4B3E-8FB1-93EA4E4921BB}.DLL-Import Release|x64.ActiveCfg = Release|x64
		{062E9188-D9CF-4B3E-8FB1-93EA4E4921BB}.DLL-Import Release|x64.Build.0 = Release|x64
		{062E9188-D9CF-4B3E-8FB1-93EA4E4921BB}.DLL-Import Release|x86.ActiveCfg = Release|Win32
		{062E9188-D9CF-4B3E-8FB1-93EA4E4921BB}.DLL-Import Release|x86.Build.0 = Release|Win32
		{062E9188-D9CF-4B3E-8FB1-93EA4E4921BB}.Release|x64.ActiveCfg = Release|x64
		{062E9188-D9CF-4B3E-8FB1-93EA4E4921BB}.Release|x64.Build.0 = Release|x64
		{062E9188-D9CF-4B3E-8FB1-93EA4E4921BB}.Release|x86.ActiveCfg = Release|Win32
		{062E9188-D9CF-4B3E-8FB1-93EA4E4921BB}.Release|x86.Build.0 = Release|Win32
		{67FF9B38-606E-4551-93CB-3F318F48A7F4}.Debug|x64.ActiveCfg = Debug|x64
		{67FF9B38-606E-4551-93CB-3F318F48A7F4}.Debug|x64.Build.0 = Debug|x64
		{67FF9B38-606E-4551-93CB-3F318F48A7F4}.Debug|x86.ActiveCfg = Debug|Win32
		{67FF9B38-606E-4551-93CB-3F318F48A7F4}.Debug|x86.Build.0 = Debug|Win32
		{67FF9B38-606E-4551-93CB-3F318F48A7F4}.DebugNoStack|x64.ActiveCfg = DebugNoStack|x64
		{67FF9B38-606E-4551-93CB-3F318F48A7F4}.DebugNoStack|x64.Build.0 = DebugNoStack|x64
		{67FF9B38-606E-4551-93CB-3F318F48A7F4}.DebugNoStack|x86.ActiveCfg = DebugNoStack|Win32
		{67FF9B38-606E-4551-93CB-3F318F48A7F4}.DebugNoStack|x86.Build.0 = DebugNoStack|Win32
		{67FF9B38-606E-4551-93CB-3F318F48A7F4}.DLL-Import Debug|x64.ActiveCfg = Debug|x64
		{67FF9B38-606E-4551-93CB-3F318F48A7F4}.DLL-Import Debug|x64.Build.0 = Debug|x64
		{67FF9B38-606E-4551-93CB-3F318F48A7F4}.DLL-Import Debug|x86.ActiveCfg = Debug|Win32
		{67FF9B38-606E-4551-93CB-3F318F48A7F4}.DLL-Import Debug|x86.Build.0 = Debug|Win32
		{67FF9B38-606E-4551-93CB-3F318F48A7F4}.DLL-Import Release|x64.ActiveCfg = Release|x64
		{67FF9B38-606E-4551-93CB-3F318F48A7F4}.DLL-Import Release|x64.Build.0 = Release|x64
		{67FF9B38-606E-4551-93CB-3F318F48A7F4}.DLL-Import Release|x86.ActiveCfg = Release|Win32
		{67FF9B38-606E-4551-93CB-3F318F48A7F4}.DLL-Import Release|x86.Build.0 = Release|Win32
		{67FF9B38-606E-4551-93CB-3F318F48A7F4}.Release|x64.ActiveCfg = Release|x64
		{67FF9B38-606E-4551-93CB-3F318F48A7F4}.Release|x64.Build.0 = Release|x64
		{67FF9B38-606E-4551-93CB-3F318F48A7F4}.Release|x86.ActiveCfg = Release|Win32
		{67FF9B38-606E-4551-93CB-3F318F48A7F4}.Release|x86.Build.0 = Release|Win32
		{20B1E2D8-CA90-40B1-82AD-56C9C3CC6749}.Debug|x64.ActiveCfg = Debug|x64
		{20B1E2D8-CA90-40B1-82AD-56C9C3CC6749}.Debug|x64.Build.0 = Debug|x64
		{20B1E2D8-CA90-40B1-82AD-56C9C3CC6749}.Debug|x86.ActiveCfg = Debug|Win32
		{20B1E2D8-CA90-40B1-82AD-56C9C3CC6749}.Debug|x86.Build.0 = Debug|Win32
		{20B1E2D8-CA90-40B1-82AD-56C9C3CC6749}.DebugNoStack|x64.ActiveCfg = Debug|x64
		{20B1E2D8-CA90-40B1-82AD-56C9C3CC6749}.DebugNoStack|x64.Build.0 = Debug|x64
		{20B1E2D8-CA90-40B1-82AD-56C9C3CC6749}.DebugNoStack|x86.ActiveCfg = Debug|Win32
		{20B1E2D8-CA90-40B1-82AD-56C9C3CC6749}.DebugNoStack|x86.Build.0 = Debug|Win32
		{20B1E2D8-CA90-40B1-82AD-56C9C3CC6749}.DLL-Import Debug|x64.ActiveCfg = Debug|x64
		{20B1E2D8-CA90-40B1-82AD-56C9C3CC6749}.DLL-Import Debug|x64.Build.0 = Debug|x64
		{20B1E2D8-CA90-40B1-82AD-56C9C3CC6749}.DLL-Import Debug|x86.ActiveCfg = Debug|Win32
		{20B1E2D8-CA90-40B1-82AD-56C9C3CC6749}.DLL-Import Debug|x86.Build.0 = Debug|Win32
		{20B1E2D8-CA90-40B1-82AD-56C9C3CC6749}.DLL-Import Release|x64.ActiveCfg = Release|x64
		{20B1E2D8-CA90-40B1-82AD-56C9C3CC6749}.DLL-Import Release|x64.Build.0 = Release|x64
		{20B1E2D8-CA90-40B1-82AD-56C9C3CC6749}.DLL-Import Release|x86.ActiveCfg = Release|Win32
		{20B1E2D8-CA90-40B1-82AD-56C9C3CC6749}.DLL-Import Release|x86.Build.0 = Release|Win32
		{20B1E2D8-CA90-40B1-82AD-56C9C3CC6749}.Release|x64.ActiveCfg = Release|x64
		{20B1E2D8-CA90-40B1-82AD-56C9C3CC6749}.Release|x64.Build.0 = Release|x64
		{20B1E2D8-CA90-40B1-82AD-56C9C3CC6749}.Release|x86.ActiveCfg = Release|Win32
		{20B1E2D8-CA90-40B1-82AD-56C9C3CC6749}.Release|x86.Build.0 = Release|Win32
	EndGlobalSection
	GlobalSection(SolutionProperties) = preSolution
		HideSolutionNode = FALSE
	EndGlobalSection
	GlobalSection(ExtensibilityGlobals) = postSolution
		SolutionGuid = {3F92FF19-4CD2-44CB-875B-CE7AE3C2A104}
	EndGlobalSection
EndGlobal
