<?xml version="1.0" encoding="utf-8"?>
<Project ToolsVersion="4.0" xmlns="http://schemas.microsoft.com/developer/msbuild/2003">
  <ItemGroup>
    <Filter Include="Source Files">
      <UniqueIdentifier>{4FC737F1-C7A5-4376-A066-2A32D752A2FF}</UniqueIdentifier>
      <Extensions>cpp;c;cc;cxx;def;odl;idl;hpj;bat;asm;asmx</Extensions>
    </Filter>
    <Filter Include="Header Files">
      <UniqueIdentifier>{93995380-89BD-4b04-88EB-625FBE52EBFB}</UniqueIdentifier>
      <Extensions>h;hh;hpp;hxx;hm;inl;inc;xsd</Extensions>
    </Filter>
    <Filter Include="Resource Files">
      <UniqueIdentifier>{67DA6AB6-F800-4c08-8B7A-83BB121AAD01}</UniqueIdentifier>
      <Extensions>rc;ico;cur;bmp;dlg;rc2;rct;bin;rgs;gif;jpg;jpeg;jpe;resx;tiff;tif;png;wav;mfcribbon-ms</Extensions>
    </Filter>
    <Filter Include="Header Files\Stateful">
      <UniqueIdentifier>{22ded900-12bc-4d7d-a193-3e98899d2b6f}</UniqueIdentifier>
    </Filter>
    <Filter Include="Header Files\Interfaces">
      <UniqueIdentifier>{bdd7a5a0-5645-470f-b92a-1b00f9041f64}</UniqueIdentifier>
    </Filter>
    <Filter Include="Header Files\Helpers">
      <UniqueIdentifier>{0d2eeec3-d165-4ca5-b558-693e5d42a6d8}</UniqueIdentifier>
    </Filter>
    <Filter Include="Source Files\Stateful">
      <UniqueIdentifier>{5af593bb-e7c5-4e95-be18-f5879a0ccb76}</UniqueIdentifier>
    </Filter>
    <Filter Include="Shared">
      <UniqueIdentifier>{b067d743-ed46-40e3-90c1-c90557ae3372}</UniqueIdentifier>
    </Filter>
  </ItemGroup>
  <ItemGroup>
    <Text Include="ReadMe.txt" />
  </ItemGroup>
  <ItemGroup>
    <ClInclude Include="stdafx.h">
      <Filter>Header Files</Filter>
    </ClInclude>
    <ClInclude Include="targetver.h">
      <Filter>Header Files</Filter>
    </ClInclude>
    <ClInclude Include="utils.h">
      <Filter>Header Files</Filter>
    </ClInclude>
    <ClInclude Include="d3d11Device.h">
      <Filter>Header Files</Filter>
    </ClInclude>
    <ClInclude Include="d3d11DeviceContext.h">
      <Filter>Header Files</Filter>
    </ClInclude>
    <ClInclude Include="Globals.h">
      <Filter>Header Files</Filter>
    </ClInclude>
    <ClInclude Include="..\DXGIWrapper\dxgiSwapchain2.h">
      <Filter>Header Files</Filter>
    </ClInclude>
    <ClInclude Include="..\core\Call.h">
      <Filter>Header Files\Stateful</Filter>
    </ClInclude>
    <ClInclude Include="..\core\Frame.h">
      <Filter>Header Files\Stateful</Filter>
    </ClInclude>
    <ClInclude Include="..\core\Shader.h">
      <Filter>Header Files\Stateful</Filter>
    </ClInclude>
    <ClInclude Include="..\core\Interfaces\Serialisable.h">
      <Filter>Header Files\Interfaces</Filter>
    </ClInclude>
    <ClInclude Include="..\core\ShaderResources.h">
      <Filter>Header Files\Stateful</Filter>
    </ClInclude>
    <ClInclude Include="..\core\Helpers\Helpers.h">
      <Filter>Header Files\Helpers</Filter>
    </ClInclude>
    <ClInclude Include="d3d11ObjectManager.h">
      <Filter>Header Files</Filter>
    </ClInclude>
    <ClInclude Include="..\core\Buffer.h">
      <Filter>Header Files\Stateful</Filter>
    </ClInclude>
    <ClInclude Include="..\core\Texture.h">
      <Filter>Header Files\Stateful</Filter>
    </ClInclude>
    <ClInclude Include="..\core\InputLayout.h">
      <Filter>Header Files\Stateful</Filter>
    </ClInclude>
    <ClInclude Include="..\core\Network.h">
      <Filter>Shared</Filter>
    </ClInclude>
    <ClInclude Include="..\core\Ringbuffer.h">
      <Filter>Shared</Filter>
    </ClInclude>
  </ItemGroup>
  <ItemGroup>
    <ClCompile Include="stdafx.cpp">
      <Filter>Source Files</Filter>
    </ClCompile>
    <ClCompile Include="utils.cpp">
      <Filter>Source Files</Filter>
    </ClCompile>
    <ClCompile Include="d3d11Functions.cpp">
      <Filter>Source Files</Filter>
    </ClCompile>
    <ClCompile Include="d3d11Device.cpp">
      <Filter>Source Files</Filter>
    </ClCompile>
    <ClCompile Include="d3d11DeviceContext.cpp">
      <Filter>Source Files</Filter>
    </ClCompile>
    <ClCompile Include="..\DXGIWrapper\dxgiSwapchain2.cpp">
      <Filter>Source Files</Filter>
    </ClCompile>
    <ClCompile Include="..\core\Call.cpp">
      <Filter>Source Files\Stateful</Filter>
    </ClCompile>
    <ClCompile Include="d3d11ObjectManager.cpp">
      <Filter>Source Files</Filter>
    </ClCompile>
    <ClCompile Include="..\core\Buffer.cpp">
      <Filter>Source Files\Stateful</Filter>
    </ClCompile>
    <ClCompile Include="..\core\Shader.cpp">
      <Filter>Source Files\Stateful</Filter>
    </ClCompile>
    <ClCompile Include="..\core\Frame.cpp">
      <Filter>Source Files\Stateful</Filter>
    </ClCompile>
    <ClCompile Include="..\core\ShaderResources.cpp">
      <Filter>Source Files</Filter>
    </ClCompile>
    <ClCompile Include="..\core\Texture.cpp">
      <Filter>Source Files\Stateful</Filter>
    </ClCompile>
    <ClCompile Include="..\core\Interfaces\Serialisable.cpp">
      <Filter>Source Files</Filter>
    </ClCompile>
    <ClCompile Include="..\core\InputLayout.cpp">
      <Filter>Source Files\Stateful</Filter>
    </ClCompile>
    <ClCompile Include="..\core\Network.cpp">
      <Filter>Shared</Filter>
    </ClCompile>
    <ClCompile Include="..\core\Ringbuffer.cpp">
      <Filter>Shared</Filter>
    </ClCompile>
  </ItemGroup>
  <ItemGroup>
    <None Include="d3d11Wrapper.def">
      <Filter>Source Files</Filter>
    </None>
    <None Include="cpp.hint" />
  </ItemGroup>
</Project>